// !$*UTF8*$!
{
	archiveVersion = 1;
	classes = {
	};
	objectVersion = 56;
	objects = {

/* Begin PBXBuildFile section */
		3D763B6D2BA8D34000E0D032 /* AppDelegate.swift in Sources */ = {isa = PBXBuildFile; fileRef = 3D763B6C2BA8D34000E0D032 /* AppDelegate.swift */; };
		3D763B6F2BA8D34000E0D032 /* SceneDelegate.swift in Sources */ = {isa = PBXBuildFile; fileRef = 3D763B6E2BA8D34000E0D032 /* SceneDelegate.swift */; };
		3D763B762BA8D34100E0D032 /* Assets.xcassets in Resources */ = {isa = PBXBuildFile; fileRef = 3D763B752BA8D34100E0D032 /* Assets.xcassets */; };
		3D763B792BA8D34100E0D032 /* LaunchScreen.storyboard in Resources */ = {isa = PBXBuildFile; fileRef = 3D763B772BA8D34100E0D032 /* LaunchScreen.storyboard */; };
		3D763B882BA8D38800E0D032 /* NavigationBar.swift in Sources */ = {isa = PBXBuildFile; fileRef = 3D763B852BA8D38800E0D032 /* NavigationBar.swift */; };
		3D763B892BA8D38800E0D032 /* CustomButton.swift in Sources */ = {isa = PBXBuildFile; fileRef = 3D763B872BA8D38800E0D032 /* CustomButton.swift */; };
		3D763B8C2BA8D3A300E0D032 /* Constant.swift in Sources */ = {isa = PBXBuildFile; fileRef = 3D763B8B2BA8D3A300E0D032 /* Constant.swift */; };
		3D763B942BA8D3AE00E0D032 /* NetworkHelper.swift in Sources */ = {isa = PBXBuildFile; fileRef = 3D763B8F2BA8D3AE00E0D032 /* NetworkHelper.swift */; };
		3D763B952BA8D3AE00E0D032 /* NetworkManager.swift in Sources */ = {isa = PBXBuildFile; fileRef = 3D763B902BA8D3AE00E0D032 /* NetworkManager.swift */; };
		3D763B962BA8D3AE00E0D032 /* ResponseModel.swift in Sources */ = {isa = PBXBuildFile; fileRef = 3D763B922BA8D3AE00E0D032 /* ResponseModel.swift */; };
		3D763B972BA8D3AE00E0D032 /* PostModel.swift in Sources */ = {isa = PBXBuildFile; fileRef = 3D763B932BA8D3AE00E0D032 /* PostModel.swift */; };
		3D763B9A2BA8D3B800E0D032 /* HomePageController.swift in Sources */ = {isa = PBXBuildFile; fileRef = 3D763B992BA8D3B800E0D032 /* HomePageController.swift */; };
		3D763BA22BA9EA6E00E0D032 /* SelectStyleCell.swift in Sources */ = {isa = PBXBuildFile; fileRef = 3D763BA12BA9EA6E00E0D032 /* SelectStyleCell.swift */; };
		3D763BA42BA9EEEC00E0D032 /* StyleModel.swift in Sources */ = {isa = PBXBuildFile; fileRef = 3D763BA32BA9EEEC00E0D032 /* StyleModel.swift */; };
		3D763BA72BA9F9C000E0D032 /* TabBarController.swift in Sources */ = {isa = PBXBuildFile; fileRef = 3D763BA62BA9F9C000E0D032 /* TabBarController.swift */; };
		3D763BA92BAA312E00E0D032 /* HomeViewModel.swift in Sources */ = {isa = PBXBuildFile; fileRef = 3D763BA82BAA312E00E0D032 /* HomeViewModel.swift */; };
		3D763BAD2BAA316800E0D032 /* GenarateController.swift in Sources */ = {isa = PBXBuildFile; fileRef = 3D763BAC2BAA316800E0D032 /* GenarateController.swift */; };
		3D763BB02BAB346D00E0D032 /* ProgresHud.swift in Sources */ = {isa = PBXBuildFile; fileRef = 3D763BAF2BAB346D00E0D032 /* ProgresHud.swift */; };
		3D763BB32BAB347F00E0D032 /* ProgressHUD in Frameworks */ = {isa = PBXBuildFile; productRef = 3D763BB22BAB347F00E0D032 /* ProgressHUD */; };
		3D763BB52BAC34AF00E0D032 /* GenerateModel.swift in Sources */ = {isa = PBXBuildFile; fileRef = 3D763BB42BAC34AE00E0D032 /* GenerateModel.swift */; };
		3D763BB72BAC451900E0D032 /* GenareteViewModel.swift in Sources */ = {isa = PBXBuildFile; fileRef = 3D763BB62BAC451900E0D032 /* GenareteViewModel.swift */; };
		3D763BBA2BAC45F200E0D032 /* SeeAllController.swift in Sources */ = {isa = PBXBuildFile; fileRef = 3D763BB92BAC45F200E0D032 /* SeeAllController.swift */; };
		3D763BBD2BAC4A4B00E0D032 /* SeeAllViewModel.swift in Sources */ = {isa = PBXBuildFile; fileRef = 3D763BBC2BAC4A4B00E0D032 /* SeeAllViewModel.swift */; };
		3D763BBF2BAC6CC500E0D032 /* Shake.swift in Sources */ = {isa = PBXBuildFile; fileRef = 3D763BBE2BAC6CC500E0D032 /* Shake.swift */; };
		3D763BC12BAC82E600E0D032 /* SupriseModel.swift in Sources */ = {isa = PBXBuildFile; fileRef = 3D763BC02BAC82E600E0D032 /* SupriseModel.swift */; };
		3D763BCD2BADA50300E0D032 /* Alamofire in Frameworks */ = {isa = PBXBuildFile; productRef = 3D763BCC2BADA50300E0D032 /* Alamofire */; };
		3D763BCF2BADA50300E0D032 /* AlamofireDynamic in Frameworks */ = {isa = PBXBuildFile; productRef = 3D763BCE2BADA50300E0D032 /* AlamofireDynamic */; };
		3D763BD22BADAE5A00E0D032 /* InspirationController.swift in Sources */ = {isa = PBXBuildFile; fileRef = 3D763BD12BADAE5A00E0D032 /* InspirationController.swift */; };
		3D763BD52BADAF2E00E0D032 /* MyArt.swift in Sources */ = {isa = PBXBuildFile; fileRef = 3D763BD42BADAF2E00E0D032 /* MyArt.swift */; };
		3D763BD72BADBE4F00E0D032 /* InspirationCell.swift in Sources */ = {isa = PBXBuildFile; fileRef = 3D763BD62BADBE4F00E0D032 /* InspirationCell.swift */; };
		3D763BD92BADC18000E0D032 /* InspirationViewModel.swift in Sources */ = {isa = PBXBuildFile; fileRef = 3D763BD82BADC18000E0D032 /* InspirationViewModel.swift */; };
		3D763BDB2BADC1A300E0D032 /* InspirationModel.swift in Sources */ = {isa = PBXBuildFile; fileRef = 3D763BDA2BADC1A300E0D032 /* InspirationModel.swift */; };
		3D763BDD2BADC9C000E0D032 /* InspirationReusableView.swift in Sources */ = {isa = PBXBuildFile; fileRef = 3D763BDC2BADC9C000E0D032 /* InspirationReusableView.swift */; };
		3D763BDF2BADDF8900E0D032 /* PopularAIModel.swift in Sources */ = {isa = PBXBuildFile; fileRef = 3D763BDE2BADDF8900E0D032 /* PopularAIModel.swift */; };
		3D763BE22BADE28D00E0D032 /* DetailController.swift in Sources */ = {isa = PBXBuildFile; fileRef = 3D763BE12BADE28D00E0D032 /* DetailController.swift */; };
		3D763BE42BADE77D00E0D032 /* DetailViewModel.swift in Sources */ = {isa = PBXBuildFile; fileRef = 3D763BE32BADE77D00E0D032 /* DetailViewModel.swift */; };
		3D763BEE2BB0C7F200E0D032 /* CoreData.framework in Frameworks */ = {isa = PBXBuildFile; fileRef = 3D763BED2BB0C7F200E0D032 /* CoreData.framework */; };
		3D763BF12BB0C82500E0D032 /* GenerateImageDataModel.xcdatamodeld in Sources */ = {isa = PBXBuildFile; fileRef = 3D763BEF2BB0C82500E0D032 /* GenerateImageDataModel.xcdatamodeld */; };
		3D763BF52BB0CF4C00E0D032 /* MyArdViewModel.swift in Sources */ = {isa = PBXBuildFile; fileRef = 3D763BF42BB0CF4C00E0D032 /* MyArdViewModel.swift */; };
		3D763BF82BB0CFC300E0D032 /* CoreDataModel.swift in Sources */ = {isa = PBXBuildFile; fileRef = 3D763BF72BB0CFC300E0D032 /* CoreDataModel.swift */; };
		3D763BFA2BB178F800E0D032 /* MyArtCell.swift in Sources */ = {isa = PBXBuildFile; fileRef = 3D763BF92BB178F800E0D032 /* MyArtCell.swift */; };
/* End PBXBuildFile section */

/* Begin PBXCopyFilesBuildPhase section */
		3D763BC32BADA3AA00E0D032 /* Embed Frameworks */ = {
			isa = PBXCopyFilesBuildPhase;
			buildActionMask = 2147483647;
			dstPath = "";
			dstSubfolderSpec = 10;
			files = (
			);
			name = "Embed Frameworks";
			runOnlyForDeploymentPostprocessing = 0;
		};
/* End PBXCopyFilesBuildPhase section */

/* Begin PBXFileReference section */
		3D763B692BA8D34000E0D032 /* AI-PhotoGenerate.app */ = {isa = PBXFileReference; explicitFileType = wrapper.application; includeInIndex = 0; path = "AI-PhotoGenerate.app"; sourceTree = BUILT_PRODUCTS_DIR; };
		3D763B6C2BA8D34000E0D032 /* AppDelegate.swift */ = {isa = PBXFileReference; lastKnownFileType = sourcecode.swift; path = AppDelegate.swift; sourceTree = "<group>"; };
		3D763B6E2BA8D34000E0D032 /* SceneDelegate.swift */ = {isa = PBXFileReference; lastKnownFileType = sourcecode.swift; path = SceneDelegate.swift; sourceTree = "<group>"; };
		3D763B752BA8D34100E0D032 /* Assets.xcassets */ = {isa = PBXFileReference; lastKnownFileType = folder.assetcatalog; path = Assets.xcassets; sourceTree = "<group>"; };
		3D763B782BA8D34100E0D032 /* Base */ = {isa = PBXFileReference; lastKnownFileType = file.storyboard; name = Base; path = Base.lproj/LaunchScreen.storyboard; sourceTree = "<group>"; };
		3D763B7A2BA8D34100E0D032 /* Info.plist */ = {isa = PBXFileReference; lastKnownFileType = text.plist.xml; path = Info.plist; sourceTree = "<group>"; };
		3D763B852BA8D38800E0D032 /* NavigationBar.swift */ = {isa = PBXFileReference; fileEncoding = 4; lastKnownFileType = sourcecode.swift; path = NavigationBar.swift; sourceTree = "<group>"; };
		3D763B872BA8D38800E0D032 /* CustomButton.swift */ = {isa = PBXFileReference; fileEncoding = 4; lastKnownFileType = sourcecode.swift; path = CustomButton.swift; sourceTree = "<group>"; };
		3D763B8B2BA8D3A300E0D032 /* Constant.swift */ = {isa = PBXFileReference; fileEncoding = 4; lastKnownFileType = sourcecode.swift; path = Constant.swift; sourceTree = "<group>"; };
		3D763B8F2BA8D3AE00E0D032 /* NetworkHelper.swift */ = {isa = PBXFileReference; fileEncoding = 4; lastKnownFileType = sourcecode.swift; path = NetworkHelper.swift; sourceTree = "<group>"; };
		3D763B902BA8D3AE00E0D032 /* NetworkManager.swift */ = {isa = PBXFileReference; fileEncoding = 4; lastKnownFileType = sourcecode.swift; path = NetworkManager.swift; sourceTree = "<group>"; };
		3D763B922BA8D3AE00E0D032 /* ResponseModel.swift */ = {isa = PBXFileReference; fileEncoding = 4; lastKnownFileType = sourcecode.swift; path = ResponseModel.swift; sourceTree = "<group>"; };
		3D763B932BA8D3AE00E0D032 /* PostModel.swift */ = {isa = PBXFileReference; fileEncoding = 4; lastKnownFileType = sourcecode.swift; path = PostModel.swift; sourceTree = "<group>"; };
		3D763B992BA8D3B800E0D032 /* HomePageController.swift */ = {isa = PBXFileReference; fileEncoding = 4; lastKnownFileType = sourcecode.swift; path = HomePageController.swift; sourceTree = "<group>"; };
		3D763BA12BA9EA6E00E0D032 /* SelectStyleCell.swift */ = {isa = PBXFileReference; lastKnownFileType = sourcecode.swift; path = SelectStyleCell.swift; sourceTree = "<group>"; };
		3D763BA32BA9EEEC00E0D032 /* StyleModel.swift */ = {isa = PBXFileReference; lastKnownFileType = sourcecode.swift; path = StyleModel.swift; sourceTree = "<group>"; };
		3D763BA62BA9F9C000E0D032 /* TabBarController.swift */ = {isa = PBXFileReference; lastKnownFileType = sourcecode.swift; path = TabBarController.swift; sourceTree = "<group>"; };
		3D763BA82BAA312E00E0D032 /* HomeViewModel.swift */ = {isa = PBXFileReference; lastKnownFileType = sourcecode.swift; path = HomeViewModel.swift; sourceTree = "<group>"; };
		3D763BAC2BAA316800E0D032 /* GenarateController.swift */ = {isa = PBXFileReference; lastKnownFileType = sourcecode.swift; path = GenarateController.swift; sourceTree = "<group>"; };
		3D763BAF2BAB346D00E0D032 /* ProgresHud.swift */ = {isa = PBXFileReference; lastKnownFileType = sourcecode.swift; path = ProgresHud.swift; sourceTree = "<group>"; };
		3D763BB42BAC34AE00E0D032 /* GenerateModel.swift */ = {isa = PBXFileReference; lastKnownFileType = sourcecode.swift; path = GenerateModel.swift; sourceTree = "<group>"; };
		3D763BB62BAC451900E0D032 /* GenareteViewModel.swift */ = {isa = PBXFileReference; lastKnownFileType = sourcecode.swift; path = GenareteViewModel.swift; sourceTree = "<group>"; };
		3D763BB92BAC45F200E0D032 /* SeeAllController.swift */ = {isa = PBXFileReference; lastKnownFileType = sourcecode.swift; path = SeeAllController.swift; sourceTree = "<group>"; };
		3D763BBC2BAC4A4B00E0D032 /* SeeAllViewModel.swift */ = {isa = PBXFileReference; lastKnownFileType = sourcecode.swift; path = SeeAllViewModel.swift; sourceTree = "<group>"; };
		3D763BBE2BAC6CC500E0D032 /* Shake.swift */ = {isa = PBXFileReference; lastKnownFileType = sourcecode.swift; path = Shake.swift; sourceTree = "<group>"; };
		3D763BC02BAC82E600E0D032 /* SupriseModel.swift */ = {isa = PBXFileReference; lastKnownFileType = sourcecode.swift; path = SupriseModel.swift; sourceTree = "<group>"; };
		3D763BD12BADAE5A00E0D032 /* InspirationController.swift */ = {isa = PBXFileReference; lastKnownFileType = sourcecode.swift; path = InspirationController.swift; sourceTree = "<group>"; };
		3D763BD42BADAF2E00E0D032 /* MyArt.swift */ = {isa = PBXFileReference; lastKnownFileType = sourcecode.swift; path = MyArt.swift; sourceTree = "<group>"; };
		3D763BD62BADBE4F00E0D032 /* InspirationCell.swift */ = {isa = PBXFileReference; lastKnownFileType = sourcecode.swift; path = InspirationCell.swift; sourceTree = "<group>"; };
		3D763BD82BADC18000E0D032 /* InspirationViewModel.swift */ = {isa = PBXFileReference; lastKnownFileType = sourcecode.swift; path = InspirationViewModel.swift; sourceTree = "<group>"; };
		3D763BDA2BADC1A300E0D032 /* InspirationModel.swift */ = {isa = PBXFileReference; lastKnownFileType = sourcecode.swift; path = InspirationModel.swift; sourceTree = "<group>"; };
		3D763BDC2BADC9C000E0D032 /* InspirationReusableView.swift */ = {isa = PBXFileReference; lastKnownFileType = sourcecode.swift; path = InspirationReusableView.swift; sourceTree = "<group>"; };
		3D763BDE2BADDF8900E0D032 /* PopularAIModel.swift */ = {isa = PBXFileReference; lastKnownFileType = sourcecode.swift; path = PopularAIModel.swift; sourceTree = "<group>"; };
		3D763BE12BADE28D00E0D032 /* DetailController.swift */ = {isa = PBXFileReference; lastKnownFileType = sourcecode.swift; path = DetailController.swift; sourceTree = "<group>"; };
		3D763BE32BADE77D00E0D032 /* DetailViewModel.swift */ = {isa = PBXFileReference; lastKnownFileType = sourcecode.swift; path = DetailViewModel.swift; sourceTree = "<group>"; };
		3D763BED2BB0C7F200E0D032 /* CoreData.framework */ = {isa = PBXFileReference; lastKnownFileType = wrapper.framework; name = CoreData.framework; path = System/Library/Frameworks/CoreData.framework; sourceTree = SDKROOT; };
		3D763BF02BB0C82500E0D032 /* GenerateImageDataModel.xcdatamodel */ = {isa = PBXFileReference; lastKnownFileType = wrapper.xcdatamodel; path = GenerateImageDataModel.xcdatamodel; sourceTree = "<group>"; };
		3D763BF42BB0CF4C00E0D032 /* MyArdViewModel.swift */ = {isa = PBXFileReference; lastKnownFileType = sourcecode.swift; path = MyArdViewModel.swift; sourceTree = "<group>"; };
		3D763BF72BB0CFC300E0D032 /* CoreDataModel.swift */ = {isa = PBXFileReference; lastKnownFileType = sourcecode.swift; path = CoreDataModel.swift; sourceTree = "<group>"; };
		3D763BF92BB178F800E0D032 /* MyArtCell.swift */ = {isa = PBXFileReference; lastKnownFileType = sourcecode.swift; path = MyArtCell.swift; sourceTree = "<group>"; };
/* End PBXFileReference section */

/* Begin PBXFrameworksBuildPhase section */
		3D763B662BA8D34000E0D032 /* Frameworks */ = {
			isa = PBXFrameworksBuildPhase;
			buildActionMask = 2147483647;
			files = (
				3D763BB32BAB347F00E0D032 /* ProgressHUD in Frameworks */,
				3D763BEE2BB0C7F200E0D032 /* CoreData.framework in Frameworks */,
				3D763BCF2BADA50300E0D032 /* AlamofireDynamic in Frameworks */,
				3D763BCD2BADA50300E0D032 /* Alamofire in Frameworks */,
			);
			runOnlyForDeploymentPostprocessing = 0;
		};
/* End PBXFrameworksBuildPhase section */

/* Begin PBXGroup section */
		3D763B602BA8D34000E0D032 = {
			isa = PBXGroup;
			children = (
				3D763BEF2BB0C82500E0D032 /* GenerateImageDataModel.xcdatamodeld */,
				3D763B6B2BA8D34000E0D032 /* AI-PhotoGenerate */,
				3D763B6A2BA8D34000E0D032 /* Products */,
				3D763BC42BADA3F000E0D032 /* Frameworks */,
			);
			sourceTree = "<group>";
		};
		3D763B6A2BA8D34000E0D032 /* Products */ = {
			isa = PBXGroup;
			children = (
				3D763B692BA8D34000E0D032 /* AI-PhotoGenerate.app */,
			);
			name = Products;
			sourceTree = "<group>";
		};
		3D763B6B2BA8D34000E0D032 /* AI-PhotoGenerate */ = {
			isa = PBXGroup;
			children = (
				3D763BF62BB0CFB100E0D032 /* CoreDAta */,
				3D763BAE2BAB323300E0D032 /* Extantion+UIView */,
				3D763BA02BA9E98E00E0D032 /* CustomCells */,
				3D763B982BA8D3B800E0D032 /* Scene */,
				3D763B8D2BA8D3AE00E0D032 /* Network */,
				3D763B8A2BA8D3A300E0D032 /* Constant */,
				3D763B832BA8D38800E0D032 /* CustomView */,
				3D763B802BA8D34F00E0D032 /* App */,
			);
			path = "AI-PhotoGenerate";
			sourceTree = "<group>";
		};
		3D763B802BA8D34F00E0D032 /* App */ = {
			isa = PBXGroup;
			children = (
				3D763B6C2BA8D34000E0D032 /* AppDelegate.swift */,
				3D763B752BA8D34100E0D032 /* Assets.xcassets */,
				3D763B772BA8D34100E0D032 /* LaunchScreen.storyboard */,
				3D763B7A2BA8D34100E0D032 /* Info.plist */,
				3D763B6E2BA8D34000E0D032 /* SceneDelegate.swift */,
			);
			path = App;
			sourceTree = "<group>";
		};
		3D763B832BA8D38800E0D032 /* CustomView */ = {
			isa = PBXGroup;
			children = (
				3D763BA52BA9F8CF00E0D032 /* CustomTabBar */,
				3D763B842BA8D38800E0D032 /* CustomNavigationBar */,
				3D763B862BA8D38800E0D032 /* CustomButton */,
			);
			path = CustomView;
			sourceTree = "<group>";
		};
		3D763B842BA8D38800E0D032 /* CustomNavigationBar */ = {
			isa = PBXGroup;
			children = (
				3D763B852BA8D38800E0D032 /* NavigationBar.swift */,
			);
			path = CustomNavigationBar;
			sourceTree = "<group>";
		};
		3D763B862BA8D38800E0D032 /* CustomButton */ = {
			isa = PBXGroup;
			children = (
				3D763B872BA8D38800E0D032 /* CustomButton.swift */,
			);
			path = CustomButton;
			sourceTree = "<group>";
		};
		3D763B8A2BA8D3A300E0D032 /* Constant */ = {
			isa = PBXGroup;
			children = (
				3D763B8B2BA8D3A300E0D032 /* Constant.swift */,
			);
			path = Constant;
			sourceTree = "<group>";
		};
		3D763B8D2BA8D3AE00E0D032 /* Network */ = {
			isa = PBXGroup;
			children = (
				3D763B8E2BA8D3AE00E0D032 /* Core */,
				3D763B912BA8D3AE00E0D032 /* Model */,
			);
			path = Network;
			sourceTree = "<group>";
		};
		3D763B8E2BA8D3AE00E0D032 /* Core */ = {
			isa = PBXGroup;
			children = (
				3D763B8F2BA8D3AE00E0D032 /* NetworkHelper.swift */,
				3D763B902BA8D3AE00E0D032 /* NetworkManager.swift */,
			);
			path = Core;
			sourceTree = "<group>";
		};
		3D763B912BA8D3AE00E0D032 /* Model */ = {
			isa = PBXGroup;
			children = (
				3D763B922BA8D3AE00E0D032 /* ResponseModel.swift */,
				3D763B932BA8D3AE00E0D032 /* PostModel.swift */,
				3D763BA32BA9EEEC00E0D032 /* StyleModel.swift */,
				3D763BB42BAC34AE00E0D032 /* GenerateModel.swift */,
				3D763BC02BAC82E600E0D032 /* SupriseModel.swift */,
				3D763BDA2BADC1A300E0D032 /* InspirationModel.swift */,
				3D763BDE2BADDF8900E0D032 /* PopularAIModel.swift */,
			);
			path = Model;
			sourceTree = "<group>";
		};
		3D763B982BA8D3B800E0D032 /* Scene */ = {
			isa = PBXGroup;
			children = (
				3D763BE02BADE27900E0D032 /* Detail */,
				3D763BD32BADAF2400E0D032 /* MyArt */,
				3D763BD02BADADF500E0D032 /* İnstpirat */,
				3D763BB82BAC45DE00E0D032 /* SeAll */,
				3D763BAB2BAA315800E0D032 /* Genarate */,
				3D763BAA2BAA314200E0D032 /* Creat */,
			);
			path = Scene;
			sourceTree = "<group>";
		};
		3D763BA02BA9E98E00E0D032 /* CustomCells */ = {
			isa = PBXGroup;
			children = (
				3D763BA12BA9EA6E00E0D032 /* SelectStyleCell.swift */,
				3D763BD62BADBE4F00E0D032 /* InspirationCell.swift */,
				3D763BDC2BADC9C000E0D032 /* InspirationReusableView.swift */,
				3D763BF92BB178F800E0D032 /* MyArtCell.swift */,
			);
			path = CustomCells;
			sourceTree = "<group>";
		};
		3D763BA52BA9F8CF00E0D032 /* CustomTabBar */ = {
			isa = PBXGroup;
			children = (
				3D763BA62BA9F9C000E0D032 /* TabBarController.swift */,
			);
			path = CustomTabBar;
			sourceTree = "<group>";
		};
		3D763BAA2BAA314200E0D032 /* Creat */ = {
			isa = PBXGroup;
			children = (
				3D763B992BA8D3B800E0D032 /* HomePageController.swift */,
				3D763BA82BAA312E00E0D032 /* HomeViewModel.swift */,
			);
			name = Creat;
			path = "İnspiration";
			sourceTree = "<group>";
		};
		3D763BAB2BAA315800E0D032 /* Genarate */ = {
			isa = PBXGroup;
			children = (
				3D763BAC2BAA316800E0D032 /* GenarateController.swift */,
				3D763BB62BAC451900E0D032 /* GenareteViewModel.swift */,
			);
			path = Genarate;
			sourceTree = "<group>";
		};
		3D763BAE2BAB323300E0D032 /* Extantion+UIView */ = {
			isa = PBXGroup;
			children = (
				3D763BAF2BAB346D00E0D032 /* ProgresHud.swift */,
				3D763BBE2BAC6CC500E0D032 /* Shake.swift */,
			);
			name = "Extantion+UIView";
			path = "Extantion+UIVİEW";
			sourceTree = "<group>";
		};
		3D763BB82BAC45DE00E0D032 /* SeAll */ = {
			isa = PBXGroup;
			children = (
				3D763BB92BAC45F200E0D032 /* SeeAllController.swift */,
				3D763BBC2BAC4A4B00E0D032 /* SeeAllViewModel.swift */,
			);
			path = SeAll;
			sourceTree = "<group>";
		};
		3D763BC42BADA3F000E0D032 /* Frameworks */ = {
			isa = PBXGroup;
			children = (
				3D763BED2BB0C7F200E0D032 /* CoreData.framework */,
			);
			name = Frameworks;
			sourceTree = "<group>";
		};
		3D763BD02BADADF500E0D032 /* İnstpirat */ = {
			isa = PBXGroup;
			children = (
				3D763BD12BADAE5A00E0D032 /* InspirationController.swift */,
				3D763BD82BADC18000E0D032 /* InspirationViewModel.swift */,
			);
			name = "İnstpirat";
			path = "İnstpirat";
			sourceTree = "<group>";
		};
		3D763BD32BADAF2400E0D032 /* MyArt */ = {
			isa = PBXGroup;
			children = (
				3D763BD42BADAF2E00E0D032 /* MyArt.swift */,
				3D763BF42BB0CF4C00E0D032 /* MyArdViewModel.swift */,
			);
			path = MyArt;
			sourceTree = "<group>";
		};
		3D763BE02BADE27900E0D032 /* Detail */ = {
			isa = PBXGroup;
			children = (
				3D763BE12BADE28D00E0D032 /* DetailController.swift */,
				3D763BE32BADE77D00E0D032 /* DetailViewModel.swift */,
			);
			path = Detail;
			sourceTree = "<group>";
		};
		3D763BF62BB0CFB100E0D032 /* CoreDAta */ = {
			isa = PBXGroup;
			children = (
				3D763BF72BB0CFC300E0D032 /* CoreDataModel.swift */,
			);
			path = CoreDAta;
			sourceTree = "<group>";
		};
/* End PBXGroup section */

/* Begin PBXNativeTarget section */
		3D763B682BA8D34000E0D032 /* AI-PhotoGenerate */ = {
			isa = PBXNativeTarget;
			buildConfigurationList = 3D763B7D2BA8D34100E0D032 /* Build configuration list for PBXNativeTarget "AI-PhotoGenerate" */;
			buildPhases = (
				3D763B652BA8D34000E0D032 /* Sources */,
				3D763B662BA8D34000E0D032 /* Frameworks */,
				3D763B672BA8D34000E0D032 /* Resources */,
				3D763BC32BADA3AA00E0D032 /* Embed Frameworks */,
			);
			buildRules = (
			);
			dependencies = (
			);
			name = "AI-PhotoGenerate";
			packageProductDependencies = (
				3D763BB22BAB347F00E0D032 /* ProgressHUD */,
				3D763BCC2BADA50300E0D032 /* Alamofire */,
				3D763BCE2BADA50300E0D032 /* AlamofireDynamic */,
			);
			productName = "AI-PhotoGenerate";
			productReference = 3D763B692BA8D34000E0D032 /* AI-PhotoGenerate.app */;
			productType = "com.apple.product-type.application";
		};
/* End PBXNativeTarget section */

/* Begin PBXProject section */
		3D763B612BA8D34000E0D032 /* Project object */ = {
			isa = PBXProject;
			attributes = {
				BuildIndependentTargetsInParallel = 1;
				LastSwiftUpdateCheck = 1500;
				LastUpgradeCheck = 1500;
				TargetAttributes = {
					3D763B682BA8D34000E0D032 = {
						CreatedOnToolsVersion = 15.0.1;
					};
				};
			};
			buildConfigurationList = 3D763B642BA8D34000E0D032 /* Build configuration list for PBXProject "AI-PhotoGenerate" */;
			compatibilityVersion = "Xcode 14.0";
			developmentRegion = en;
			hasScannedForEncodings = 0;
			knownRegions = (
				en,
				Base,
			);
			mainGroup = 3D763B602BA8D34000E0D032;
			packageReferences = (
				3D763B9B2BA8D3E200E0D032 /* XCRemoteSwiftPackageReference "Alamofire" */,
				3D763BB12BAB347F00E0D032 /* XCRemoteSwiftPackageReference "ProgressHUD" */,
			);
			productRefGroup = 3D763B6A2BA8D34000E0D032 /* Products */;
			projectDirPath = "";
			projectRoot = "";
			targets = (
				3D763B682BA8D34000E0D032 /* AI-PhotoGenerate */,
			);
		};
/* End PBXProject section */

/* Begin PBXResourcesBuildPhase section */
		3D763B672BA8D34000E0D032 /* Resources */ = {
			isa = PBXResourcesBuildPhase;
			buildActionMask = 2147483647;
			files = (
				3D763B792BA8D34100E0D032 /* LaunchScreen.storyboard in Resources */,
				3D763B762BA8D34100E0D032 /* Assets.xcassets in Resources */,
			);
			runOnlyForDeploymentPostprocessing = 0;
		};
/* End PBXResourcesBuildPhase section */

/* Begin PBXSourcesBuildPhase section */
		3D763B652BA8D34000E0D032 /* Sources */ = {
			isa = PBXSourcesBuildPhase;
			buildActionMask = 2147483647;
			files = (
				3D763B892BA8D38800E0D032 /* CustomButton.swift in Sources */,
				3D763BA72BA9F9C000E0D032 /* TabBarController.swift in Sources */,
				3D763BBD2BAC4A4B00E0D032 /* SeeAllViewModel.swift in Sources */,
				3D763BDF2BADDF8900E0D032 /* PopularAIModel.swift in Sources */,
				3D763BC12BAC82E600E0D032 /* SupriseModel.swift in Sources */,
				3D763BD22BADAE5A00E0D032 /* InspirationController.swift in Sources */,
				3D763BF82BB0CFC300E0D032 /* CoreDataModel.swift in Sources */,
				3D763BBA2BAC45F200E0D032 /* SeeAllController.swift in Sources */,
				3D763BD72BADBE4F00E0D032 /* InspirationCell.swift in Sources */,
				3D763B9A2BA8D3B800E0D032 /* HomePageController.swift in Sources */,
				3D763BAD2BAA316800E0D032 /* GenarateController.swift in Sources */,
				3D763B972BA8D3AE00E0D032 /* PostModel.swift in Sources */,
				3D763BF52BB0CF4C00E0D032 /* MyArdViewModel.swift in Sources */,
				3D763BB72BAC451900E0D032 /* GenareteViewModel.swift in Sources */,
				3D763BA22BA9EA6E00E0D032 /* SelectStyleCell.swift in Sources */,
				3D763BE42BADE77D00E0D032 /* DetailViewModel.swift in Sources */,
				3D763BD52BADAF2E00E0D032 /* MyArt.swift in Sources */,
				3D763B6D2BA8D34000E0D032 /* AppDelegate.swift in Sources */,
				3D763BDD2BADC9C000E0D032 /* InspirationReusableView.swift in Sources */,
				3D763BB52BAC34AF00E0D032 /* GenerateModel.swift in Sources */,
				3D763BFA2BB178F800E0D032 /* MyArtCell.swift in Sources */,
				3D763BBF2BAC6CC500E0D032 /* Shake.swift in Sources */,
				3D763BA42BA9EEEC00E0D032 /* StyleModel.swift in Sources */,
				3D763BF12BB0C82500E0D032 /* GenerateImageDataModel.xcdatamodeld in Sources */,
				3D763B8C2BA8D3A300E0D032 /* Constant.swift in Sources */,
				3D763B952BA8D3AE00E0D032 /* NetworkManager.swift in Sources */,
				3D763BD92BADC18000E0D032 /* InspirationViewModel.swift in Sources */,
				3D763BA92BAA312E00E0D032 /* HomeViewModel.swift in Sources */,
				3D763BDB2BADC1A300E0D032 /* InspirationModel.swift in Sources */,
				3D763B6F2BA8D34000E0D032 /* SceneDelegate.swift in Sources */,
				3D763B942BA8D3AE00E0D032 /* NetworkHelper.swift in Sources */,
				3D763B962BA8D3AE00E0D032 /* ResponseModel.swift in Sources */,
				3D763BB02BAB346D00E0D032 /* ProgresHud.swift in Sources */,
				3D763BE22BADE28D00E0D032 /* DetailController.swift in Sources */,
				3D763B882BA8D38800E0D032 /* NavigationBar.swift in Sources */,
			);
			runOnlyForDeploymentPostprocessing = 0;
		};
/* End PBXSourcesBuildPhase section */

/* Begin PBXVariantGroup section */
		3D763B772BA8D34100E0D032 /* LaunchScreen.storyboard */ = {
			isa = PBXVariantGroup;
			children = (
				3D763B782BA8D34100E0D032 /* Base */,
			);
			name = LaunchScreen.storyboard;
			sourceTree = "<group>";
		};
/* End PBXVariantGroup section */

/* Begin XCBuildConfiguration section */
		3D763B7B2BA8D34100E0D032 /* Debug */ = {
			isa = XCBuildConfiguration;
			buildSettings = {
				ALWAYS_SEARCH_USER_PATHS = NO;
				ASSETCATALOG_COMPILER_GENERATE_SWIFT_ASSET_SYMBOL_EXTENSIONS = YES;
				CLANG_ANALYZER_NONNULL = YES;
				CLANG_ANALYZER_NUMBER_OBJECT_CONVERSION = YES_AGGRESSIVE;
				CLANG_CXX_LANGUAGE_STANDARD = "gnu++20";
				CLANG_ENABLE_MODULES = YES;
				CLANG_ENABLE_OBJC_ARC = YES;
				CLANG_ENABLE_OBJC_WEAK = YES;
				CLANG_WARN_BLOCK_CAPTURE_AUTORELEASING = YES;
				CLANG_WARN_BOOL_CONVERSION = YES;
				CLANG_WARN_COMMA = YES;
				CLANG_WARN_CONSTANT_CONVERSION = YES;
				CLANG_WARN_DEPRECATED_OBJC_IMPLEMENTATIONS = YES;
				CLANG_WARN_DIRECT_OBJC_ISA_USAGE = YES_ERROR;
				CLANG_WARN_DOCUMENTATION_COMMENTS = YES;
				CLANG_WARN_EMPTY_BODY = YES;
				CLANG_WARN_ENUM_CONVERSION = YES;
				CLANG_WARN_INFINITE_RECURSION = YES;
				CLANG_WARN_INT_CONVERSION = YES;
				CLANG_WARN_NON_LITERAL_NULL_CONVERSION = YES;
				CLANG_WARN_OBJC_IMPLICIT_RETAIN_SELF = YES;
				CLANG_WARN_OBJC_LITERAL_CONVERSION = YES;
				CLANG_WARN_OBJC_ROOT_CLASS = YES_ERROR;
				CLANG_WARN_QUOTED_INCLUDE_IN_FRAMEWORK_HEADER = YES;
				CLANG_WARN_RANGE_LOOP_ANALYSIS = YES;
				CLANG_WARN_STRICT_PROTOTYPES = YES;
				CLANG_WARN_SUSPICIOUS_MOVE = YES;
				CLANG_WARN_UNGUARDED_AVAILABILITY = YES_AGGRESSIVE;
				CLANG_WARN_UNREACHABLE_CODE = YES;
				CLANG_WARN__DUPLICATE_METHOD_MATCH = YES;
				COPY_PHASE_STRIP = NO;
				DEBUG_INFORMATION_FORMAT = dwarf;
				ENABLE_STRICT_OBJC_MSGSEND = YES;
				ENABLE_TESTABILITY = YES;
				ENABLE_USER_SCRIPT_SANDBOXING = YES;
				GCC_C_LANGUAGE_STANDARD = gnu17;
				GCC_DYNAMIC_NO_PIC = NO;
				GCC_NO_COMMON_BLOCKS = YES;
				GCC_OPTIMIZATION_LEVEL = 0;
				GCC_PREPROCESSOR_DEFINITIONS = (
					"DEBUG=1",
					"$(inherited)",
				);
				GCC_WARN_64_TO_32_BIT_CONVERSION = YES;
				GCC_WARN_ABOUT_RETURN_TYPE = YES_ERROR;
				GCC_WARN_UNDECLARED_SELECTOR = YES;
				GCC_WARN_UNINITIALIZED_AUTOS = YES_AGGRESSIVE;
				GCC_WARN_UNUSED_FUNCTION = YES;
				GCC_WARN_UNUSED_VARIABLE = YES;
				IPHONEOS_DEPLOYMENT_TARGET = 17.0;
				LOCALIZATION_PREFERS_STRING_CATALOGS = YES;
				MTL_ENABLE_DEBUG_INFO = INCLUDE_SOURCE;
				MTL_FAST_MATH = YES;
				ONLY_ACTIVE_ARCH = YES;
				SDKROOT = iphoneos;
				SWIFT_ACTIVE_COMPILATION_CONDITIONS = "DEBUG $(inherited)";
				SWIFT_OPTIMIZATION_LEVEL = "-Onone";
			};
			name = Debug;
		};
		3D763B7C2BA8D34100E0D032 /* Release */ = {
			isa = XCBuildConfiguration;
			buildSettings = {
				ALWAYS_SEARCH_USER_PATHS = NO;
				ASSETCATALOG_COMPILER_GENERATE_SWIFT_ASSET_SYMBOL_EXTENSIONS = YES;
				CLANG_ANALYZER_NONNULL = YES;
				CLANG_ANALYZER_NUMBER_OBJECT_CONVERSION = YES_AGGRESSIVE;
				CLANG_CXX_LANGUAGE_STANDARD = "gnu++20";
				CLANG_ENABLE_MODULES = YES;
				CLANG_ENABLE_OBJC_ARC = YES;
				CLANG_ENABLE_OBJC_WEAK = YES;
				CLANG_WARN_BLOCK_CAPTURE_AUTORELEASING = YES;
				CLANG_WARN_BOOL_CONVERSION = YES;
				CLANG_WARN_COMMA = YES;
				CLANG_WARN_CONSTANT_CONVERSION = YES;
				CLANG_WARN_DEPRECATED_OBJC_IMPLEMENTATIONS = YES;
				CLANG_WARN_DIRECT_OBJC_ISA_USAGE = YES_ERROR;
				CLANG_WARN_DOCUMENTATION_COMMENTS = YES;
				CLANG_WARN_EMPTY_BODY = YES;
				CLANG_WARN_ENUM_CONVERSION = YES;
				CLANG_WARN_INFINITE_RECURSION = YES;
				CLANG_WARN_INT_CONVERSION = YES;
				CLANG_WARN_NON_LITERAL_NULL_CONVERSION = YES;
				CLANG_WARN_OBJC_IMPLICIT_RETAIN_SELF = YES;
				CLANG_WARN_OBJC_LITERAL_CONVERSION = YES;
				CLANG_WARN_OBJC_ROOT_CLASS = YES_ERROR;
				CLANG_WARN_QUOTED_INCLUDE_IN_FRAMEWORK_HEADER = YES;
				CLANG_WARN_RANGE_LOOP_ANALYSIS = YES;
				CLANG_WARN_STRICT_PROTOTYPES = YES;
				CLANG_WARN_SUSPICIOUS_MOVE = YES;
				CLANG_WARN_UNGUARDED_AVAILABILITY = YES_AGGRESSIVE;
				CLANG_WARN_UNREACHABLE_CODE = YES;
				CLANG_WARN__DUPLICATE_METHOD_MATCH = YES;
				COPY_PHASE_STRIP = NO;
				DEBUG_INFORMATION_FORMAT = "dwarf-with-dsym";
				ENABLE_NS_ASSERTIONS = NO;
				ENABLE_STRICT_OBJC_MSGSEND = YES;
				ENABLE_USER_SCRIPT_SANDBOXING = YES;
				GCC_C_LANGUAGE_STANDARD = gnu17;
				GCC_NO_COMMON_BLOCKS = YES;
				GCC_WARN_64_TO_32_BIT_CONVERSION = YES;
				GCC_WARN_ABOUT_RETURN_TYPE = YES_ERROR;
				GCC_WARN_UNDECLARED_SELECTOR = YES;
				GCC_WARN_UNINITIALIZED_AUTOS = YES_AGGRESSIVE;
				GCC_WARN_UNUSED_FUNCTION = YES;
				GCC_WARN_UNUSED_VARIABLE = YES;
				IPHONEOS_DEPLOYMENT_TARGET = 17.0;
				LOCALIZATION_PREFERS_STRING_CATALOGS = YES;
				MTL_ENABLE_DEBUG_INFO = NO;
				MTL_FAST_MATH = YES;
				SDKROOT = iphoneos;
				SWIFT_COMPILATION_MODE = wholemodule;
				VALIDATE_PRODUCT = YES;
			};
			name = Release;
		};
		3D763B7E2BA8D34100E0D032 /* Debug */ = {
			isa = XCBuildConfiguration;
			buildSettings = {
				ASSETCATALOG_COMPILER_APPICON_NAME = AppIcon;
				ASSETCATALOG_COMPILER_GLOBAL_ACCENT_COLOR_NAME = AccentColor;
				CODE_SIGN_STYLE = Automatic;
				CURRENT_PROJECT_VERSION = 1;
				DEVELOPMENT_TEAM = 628PNWMZP5;
				GENERATE_INFOPLIST_FILE = YES;
				INFOPLIST_FILE = "AI-PhotoGenerate/App/Info.plist";
				INFOPLIST_KEY_UIApplicationSupportsIndirectInputEvents = YES;
				INFOPLIST_KEY_UILaunchStoryboardName = LaunchScreen;
				INFOPLIST_KEY_UISupportedInterfaceOrientations_iPad = "UIInterfaceOrientationPortrait UIInterfaceOrientationPortraitUpsideDown UIInterfaceOrientationLandscapeLeft UIInterfaceOrientationLandscapeRight";
				INFOPLIST_KEY_UISupportedInterfaceOrientations_iPhone = "UIInterfaceOrientationPortrait UIInterfaceOrientationLandscapeLeft UIInterfaceOrientationLandscapeRight";
				IPHONEOS_DEPLOYMENT_TARGET = 15.6;
				LD_RUNPATH_SEARCH_PATHS = (
					"$(inherited)",
					"@executable_path/Frameworks",
				);
				MARKETING_VERSION = 1.0;
				PRODUCT_BUNDLE_IDENTIFIER = "com.alkanfatih.AI-PhotoGenerate";
				PRODUCT_NAME = "$(TARGET_NAME)";
				SWIFT_EMIT_LOC_STRINGS = YES;
				SWIFT_VERSION = 5.0;
				TARGETED_DEVICE_FAMILY = "1,2";
			};
			name = Debug;
		};
		3D763B7F2BA8D34100E0D032 /* Release */ = {
			isa = XCBuildConfiguration;
			buildSettings = {
				ASSETCATALOG_COMPILER_APPICON_NAME = AppIcon;
				ASSETCATALOG_COMPILER_GLOBAL_ACCENT_COLOR_NAME = AccentColor;
				CODE_SIGN_STYLE = Automatic;
				CURRENT_PROJECT_VERSION = 1;
				DEVELOPMENT_TEAM = 628PNWMZP5;
				GENERATE_INFOPLIST_FILE = YES;
				INFOPLIST_FILE = "AI-PhotoGenerate/App/Info.plist";
				INFOPLIST_KEY_UIApplicationSupportsIndirectInputEvents = YES;
				INFOPLIST_KEY_UILaunchStoryboardName = LaunchScreen;
				INFOPLIST_KEY_UISupportedInterfaceOrientations_iPad = "UIInterfaceOrientationPortrait UIInterfaceOrientationPortraitUpsideDown UIInterfaceOrientationLandscapeLeft UIInterfaceOrientationLandscapeRight";
				INFOPLIST_KEY_UISupportedInterfaceOrientations_iPhone = "UIInterfaceOrientationPortrait UIInterfaceOrientationLandscapeLeft UIInterfaceOrientationLandscapeRight";
				IPHONEOS_DEPLOYMENT_TARGET = 15.6;
				LD_RUNPATH_SEARCH_PATHS = (
					"$(inherited)",
					"@executable_path/Frameworks",
				);
				MARKETING_VERSION = 1.0;
				PRODUCT_BUNDLE_IDENTIFIER = "com.alkanfatih.AI-PhotoGenerate";
				PRODUCT_NAME = "$(TARGET_NAME)";
				SWIFT_EMIT_LOC_STRINGS = YES;
				SWIFT_VERSION = 5.0;
				TARGETED_DEVICE_FAMILY = "1,2";
			};
			name = Release;
		};
/* End XCBuildConfiguration section */

/* Begin XCConfigurationList section */
		3D763B642BA8D34000E0D032 /* Build configuration list for PBXProject "AI-PhotoGenerate" */ = {
			isa = XCConfigurationList;
			buildConfigurations = (
				3D763B7B2BA8D34100E0D032 /* Debug */,
				3D763B7C2BA8D34100E0D032 /* Release */,
			);
			defaultConfigurationIsVisible = 0;
			defaultConfigurationName = Release;
		};
		3D763B7D2BA8D34100E0D032 /* Build configuration list for PBXNativeTarget "AI-PhotoGenerate" */ = {
			isa = XCConfigurationList;
			buildConfigurations = (
				3D763B7E2BA8D34100E0D032 /* Debug */,
				3D763B7F2BA8D34100E0D032 /* Release */,
			);
			defaultConfigurationIsVisible = 0;
			defaultConfigurationName = Release;
		};
/* End XCConfigurationList section */

/* Begin XCRemoteSwiftPackageReference section */
		3D763B9B2BA8D3E200E0D032 /* XCRemoteSwiftPackageReference "Alamofire" */ = {
			isa = XCRemoteSwiftPackageReference;
			repositoryURL = "https://github.com/Alamofire/Alamofire";
			requirement = {
				kind = upToNextMajorVersion;
				minimumVersion = 5.9.0;
			};
		};
		3D763BB12BAB347F00E0D032 /* XCRemoteSwiftPackageReference "ProgressHUD" */ = {
			isa = XCRemoteSwiftPackageReference;
			repositoryURL = "https://github.com/relatedcode/ProgressHUD.git";
			requirement = {
				kind = upToNextMajorVersion;
				minimumVersion = 14.1.1;
			};
		};
/* End XCRemoteSwiftPackageReference section */

/* Begin XCSwiftPackageProductDependency section */
		3D763BB22BAB347F00E0D032 /* ProgressHUD */ = {
			isa = XCSwiftPackageProductDependency;
			package = 3D763BB12BAB347F00E0D032 /* XCRemoteSwiftPackageReference "ProgressHUD" */;
			productName = ProgressHUD;
		};
		3D763BCC2BADA50300E0D032 /* Alamofire */ = {
			isa = XCSwiftPackageProductDependency;
			productName = Alamofire;
		};
		3D763BCE2BADA50300E0D032 /* AlamofireDynamic */ = {
			isa = XCSwiftPackageProductDependency;
			productName = AlamofireDynamic;
		};
/* End XCSwiftPackageProductDependency section */

/* Begin XCVersionGroup section */
		3D763BEF2BB0C82500E0D032 /* GenerateImageDataModel.xcdatamodeld */ = {
			isa = XCVersionGroup;
			children = (
				3D763BF02BB0C82500E0D032 /* GenerateImageDataModel.xcdatamodel */,
			);
			currentVersion = 3D763BF02BB0C82500E0D032 /* GenerateImageDataModel.xcdatamodel */;
			path = GenerateImageDataModel.xcdatamodeld;
			sourceTree = "<group>";
			versionGroupType = wrapper.xcdatamodel;
		};
/* End XCVersionGroup section */
	};
	rootObject = 3D763B612BA8D34000E0D032 /* Project object */;
}
