// !$*UTF8*$!
{
	archiveVersion = 1;
	classes = {
	};
	objectVersion = 56;
	objects = {

/* Begin PBXBuildFile section */
		3D763B6D2BA8D34000E0D032 /* AppDelegate.swift in Sources */ = {isa = PBXBuildFile; fileRef = 3D763B6C2BA8D34000E0D032 /* AppDelegate.swift */; };
		3D763B6F2BA8D34000E0D032 /* SceneDelegate.swift in Sources */ = {isa = PBXBuildFile; fileRef = 3D763B6E2BA8D34000E0D032 /* SceneDelegate.swift */; };
		3D763B762BA8D34100E0D032 /* Assets.xcassets in Resources */ = {isa = PBXBuildFile; fileRef = 3D763B752BA8D34100E0D032 /* Assets.xcassets */; };
		3D763B792BA8D34100E0D032 /* LaunchScreen.storyboard in Resources */ = {isa = PBXBuildFile; fileRef = 3D763B772BA8D34100E0D032 /* LaunchScreen.storyboard */; };
		3D763B882BA8D38800E0D032 /* NavigationBar.swift in Sources */ = {isa = PBXBuildFile; fileRef = 3D763B852BA8D38800E0D032 /* NavigationBar.swift */; };
		3D763B892BA8D38800E0D032 /* CustomButton.swift in Sources */ = {isa = PBXBuildFile; fileRef = 3D763B872BA8D38800E0D032 /* CustomButton.swift */; };
		3D763B8C2BA8D3A300E0D032 /* Constant.swift in Sources */ = {isa = PBXBuildFile; fileRef = 3D763B8B2BA8D3A300E0D032 /* Constant.swift */; };
		3D763B942BA8D3AE00E0D032 /* NetworkHelper.swift in Sources */ = {isa = PBXBuildFile; fileRef = 3D763B8F2BA8D3AE00E0D032 /* NetworkHelper.swift */; };
		3D763B952BA8D3AE00E0D032 /* NetworkManager.swift in Sources */ = {isa = PBXBuildFile; fileRef = 3D763B902BA8D3AE00E0D032 /* NetworkManager.swift */; };
		3D763B962BA8D3AE00E0D032 /* ResponseModel.swift in Sources */ = {isa = PBXBuildFile; fileRef = 3D763B922BA8D3AE00E0D032 /* ResponseModel.swift */; };
		3D763B972BA8D3AE00E0D032 /* PostModel.swift in Sources */ = {isa = PBXBuildFile; fileRef = 3D763B932BA8D3AE00E0D032 /* PostModel.swift */; };
		3D763B9A2BA8D3B800E0D032 /* HomePageController.swift in Sources */ = {isa = PBXBuildFile; fileRef = 3D763B992BA8D3B800E0D032 /* HomePageController.swift */; };
		3D763B9D2BA8D3E200E0D032 /* Alamofire in Frameworks */ = {isa = PBXBuildFile; productRef = 3D763B9C2BA8D3E200E0D032 /* Alamofire */; };
		3D763B9F2BA8D3E200E0D032 /* AlamofireDynamic in Frameworks */ = {isa = PBXBuildFile; productRef = 3D763B9E2BA8D3E200E0D032 /* AlamofireDynamic */; };
		3D763BA22BA9EA6E00E0D032 /* SelectStyleCell.swift in Sources */ = {isa = PBXBuildFile; fileRef = 3D763BA12BA9EA6E00E0D032 /* SelectStyleCell.swift */; };
		3D763BA42BA9EEEC00E0D032 /* StyleModel.swift in Sources */ = {isa = PBXBuildFile; fileRef = 3D763BA32BA9EEEC00E0D032 /* StyleModel.swift */; };
		3D763BA72BA9F9C000E0D032 /* TabBarController.swift in Sources */ = {isa = PBXBuildFile; fileRef = 3D763BA62BA9F9C000E0D032 /* TabBarController.swift */; };
/* End PBXBuildFile section */

/* Begin PBXFileReference section */
		3D763B692BA8D34000E0D032 /* AI-PhotoGenerate.app */ = {isa = PBXFileReference; explicitFileType = wrapper.application; includeInIndex = 0; path = "AI-PhotoGenerate.app"; sourceTree = BUILT_PRODUCTS_DIR; };
		3D763B6C2BA8D34000E0D032 /* AppDelegate.swift */ = {isa = PBXFileReference; lastKnownFileType = sourcecode.swift; path = AppDelegate.swift; sourceTree = "<group>"; };
		3D763B6E2BA8D34000E0D032 /* SceneDelegate.swift */ = {isa = PBXFileReference; lastKnownFileType = sourcecode.swift; path = SceneDelegate.swift; sourceTree = "<group>"; };
		3D763B752BA8D34100E0D032 /* Assets.xcassets */ = {isa = PBXFileReference; lastKnownFileType = folder.assetcatalog; path = Assets.xcassets; sourceTree = "<group>"; };
		3D763B782BA8D34100E0D032 /* Base */ = {isa = PBXFileReference; lastKnownFileType = file.storyboard; name = Base; path = Base.lproj/LaunchScreen.storyboard; sourceTree = "<group>"; };
		3D763B7A2BA8D34100E0D032 /* Info.plist */ = {isa = PBXFileReference; lastKnownFileType = text.plist.xml; path = Info.plist; sourceTree = "<group>"; };
		3D763B852BA8D38800E0D032 /* NavigationBar.swift */ = {isa = PBXFileReference; fileEncoding = 4; lastKnownFileType = sourcecode.swift; path = NavigationBar.swift; sourceTree = "<group>"; };
		3D763B872BA8D38800E0D032 /* CustomButton.swift */ = {isa = PBXFileReference; fileEncoding = 4; lastKnownFileType = sourcecode.swift; path = CustomButton.swift; sourceTree = "<group>"; };
		3D763B8B2BA8D3A300E0D032 /* Constant.swift */ = {isa = PBXFileReference; fileEncoding = 4; lastKnownFileType = sourcecode.swift; path = Constant.swift; sourceTree = "<group>"; };
		3D763B8F2BA8D3AE00E0D032 /* NetworkHelper.swift */ = {isa = PBXFileReference; fileEncoding = 4; lastKnownFileType = sourcecode.swift; path = NetworkHelper.swift; sourceTree = "<group>"; };
		3D763B902BA8D3AE00E0D032 /* NetworkManager.swift */ = {isa = PBXFileReference; fileEncoding = 4; lastKnownFileType = sourcecode.swift; path = NetworkManager.swift; sourceTree = "<group>"; };
		3D763B922BA8D3AE00E0D032 /* ResponseModel.swift */ = {isa = PBXFileReference; fileEncoding = 4; lastKnownFileType = sourcecode.swift; path = ResponseModel.swift; sourceTree = "<group>"; };
		3D763B932BA8D3AE00E0D032 /* PostModel.swift */ = {isa = PBXFileReference; fileEncoding = 4; lastKnownFileType = sourcecode.swift; path = PostModel.swift; sourceTree = "<group>"; };
		3D763B992BA8D3B800E0D032 /* HomePageController.swift */ = {isa = PBXFileReference; fileEncoding = 4; lastKnownFileType = sourcecode.swift; path = HomePageController.swift; sourceTree = "<group>"; };
		3D763BA12BA9EA6E00E0D032 /* SelectStyleCell.swift */ = {isa = PBXFileReference; lastKnownFileType = sourcecode.swift; path = SelectStyleCell.swift; sourceTree = "<group>"; };
		3D763BA32BA9EEEC00E0D032 /* StyleModel.swift */ = {isa = PBXFileReference; lastKnownFileType = sourcecode.swift; path = StyleModel.swift; sourceTree = "<group>"; };
		3D763BA62BA9F9C000E0D032 /* TabBarController.swift */ = {isa = PBXFileReference; lastKnownFileType = sourcecode.swift; path = TabBarController.swift; sourceTree = "<group>"; };
/* End PBXFileReference section */

/* Begin PBXFrameworksBuildPhase section */
		3D763B662BA8D34000E0D032 /* Frameworks */ = {
			isa = PBXFrameworksBuildPhase;
			buildActionMask = 2147483647;
			files = (
				3D763B9D2BA8D3E200E0D032 /* Alamofire in Frameworks */,
				3D763B9F2BA8D3E200E0D032 /* AlamofireDynamic in Frameworks */,
			);
			runOnlyForDeploymentPostprocessing = 0;
		};
/* End PBXFrameworksBuildPhase section */

/* Begin PBXGroup section */
		3D763B602BA8D34000E0D032 = {
			isa = PBXGroup;
			children = (
				3D763B6B2BA8D34000E0D032 /* AI-PhotoGenerate */,
				3D763B6A2BA8D34000E0D032 /* Products */,
			);
			sourceTree = "<group>";
		};
		3D763B6A2BA8D34000E0D032 /* Products */ = {
			isa = PBXGroup;
			children = (
				3D763B692BA8D34000E0D032 /* AI-PhotoGenerate.app */,
			);
			name = Products;
			sourceTree = "<group>";
		};
		3D763B6B2BA8D34000E0D032 /* AI-PhotoGenerate */ = {
			isa = PBXGroup;
			children = (
				3D763BA02BA9E98E00E0D032 /* CustomCells */,
				3D763B982BA8D3B800E0D032 /* Scene */,
				3D763B8D2BA8D3AE00E0D032 /* Network */,
				3D763B8A2BA8D3A300E0D032 /* Constant */,
				3D763B832BA8D38800E0D032 /* CustomView */,
				3D763B802BA8D34F00E0D032 /* App */,
			);
			path = "AI-PhotoGenerate";
			sourceTree = "<group>";
		};
		3D763B802BA8D34F00E0D032 /* App */ = {
			isa = PBXGroup;
			children = (
				3D763B6C2BA8D34000E0D032 /* AppDelegate.swift */,
				3D763B752BA8D34100E0D032 /* Assets.xcassets */,
				3D763B772BA8D34100E0D032 /* LaunchScreen.storyboard */,
				3D763B7A2BA8D34100E0D032 /* Info.plist */,
				3D763B6E2BA8D34000E0D032 /* SceneDelegate.swift */,
			);
			path = App;
			sourceTree = "<group>";
		};
		3D763B832BA8D38800E0D032 /* CustomView */ = {
			isa = PBXGroup;
			children = (
				3D763BA52BA9F8CF00E0D032 /* CustomTabBar */,
				3D763B842BA8D38800E0D032 /* CustomNavigationBar */,
				3D763B862BA8D38800E0D032 /* CustomButton */,
			);
			name = CustomView;
			path = ../../../TextToPhoto/TextToPhoto/CustomView;
			sourceTree = "<group>";
		};
		3D763B842BA8D38800E0D032 /* CustomNavigationBar */ = {
			isa = PBXGroup;
			children = (
				3D763B852BA8D38800E0D032 /* NavigationBar.swift */,
			);
			path = CustomNavigationBar;
			sourceTree = "<group>";
		};
		3D763B862BA8D38800E0D032 /* CustomButton */ = {
			isa = PBXGroup;
			children = (
				3D763B872BA8D38800E0D032 /* CustomButton.swift */,
			);
			path = CustomButton;
			sourceTree = "<group>";
		};
		3D763B8A2BA8D3A300E0D032 /* Constant */ = {
			isa = PBXGroup;
			children = (
				3D763B8B2BA8D3A300E0D032 /* Constant.swift */,
			);
			name = Constant;
			path = ../../../TextToPhoto/TextToPhoto/Constant;
			sourceTree = "<group>";
		};
		3D763B8D2BA8D3AE00E0D032 /* Network */ = {
			isa = PBXGroup;
			children = (
				3D763B8E2BA8D3AE00E0D032 /* Core */,
				3D763B912BA8D3AE00E0D032 /* Model */,
			);
			name = Network;
			path = ../../../TextToPhoto/TextToPhoto/Network;
			sourceTree = "<group>";
		};
		3D763B8E2BA8D3AE00E0D032 /* Core */ = {
			isa = PBXGroup;
			children = (
				3D763B8F2BA8D3AE00E0D032 /* NetworkHelper.swift */,
				3D763B902BA8D3AE00E0D032 /* NetworkManager.swift */,
			);
			path = Core;
			sourceTree = "<group>";
		};
		3D763B912BA8D3AE00E0D032 /* Model */ = {
			isa = PBXGroup;
			children = (
				3D763B922BA8D3AE00E0D032 /* ResponseModel.swift */,
				3D763B932BA8D3AE00E0D032 /* PostModel.swift */,
				3D763BA32BA9EEEC00E0D032 /* StyleModel.swift */,
			);
			path = Model;
			sourceTree = "<group>";
		};
		3D763B982BA8D3B800E0D032 /* Scene */ = {
			isa = PBXGroup;
			children = (
				3D763B992BA8D3B800E0D032 /* HomePageController.swift */,
			);
			name = Scene;
			path = ../../../TextToPhoto/TextToPhoto/Scene;
			sourceTree = "<group>";
		};
		3D763BA02BA9E98E00E0D032 /* CustomCells */ = {
			isa = PBXGroup;
			children = (
				3D763BA12BA9EA6E00E0D032 /* SelectStyleCell.swift */,
			);
			path = CustomCells;
			sourceTree = "<group>";
		};
		3D763BA52BA9F8CF00E0D032 /* CustomTabBar */ = {
			isa = PBXGroup;
			children = (
				3D763BA62BA9F9C000E0D032 /* TabBarController.swift */,
			);
			path = CustomTabBar;
			sourceTree = "<group>";
		};
/* End PBXGroup section */

/* Begin PBXNativeTarget section */
		3D763B682BA8D34000E0D032 /* AI-PhotoGenerate */ = {
			isa = PBXNativeTarget;
			buildConfigurationList = 3D763B7D2BA8D34100E0D032 /* Build configuration list for PBXNativeTarget "AI-PhotoGenerate" */;
			buildPhases = (
				3D763B652BA8D34000E0D032 /* Sources */,
				3D763B662BA8D34000E0D032 /* Frameworks */,
				3D763B672BA8D34000E0D032 /* Resources */,
			);
			buildRules = (
			);
			dependencies = (
			);
			name = "AI-PhotoGenerate";
			packageProductDependencies = (
				3D763B9C2BA8D3E200E0D032 /* Alamofire */,
				3D763B9E2BA8D3E200E0D032 /* AlamofireDynamic */,
			);
			productName = "AI-PhotoGenerate";
			productReference = 3D763B692BA8D34000E0D032 /* AI-PhotoGenerate.app */;
			productType = "com.apple.product-type.application";
		};
/* End PBXNativeTarget section */

/* Begin PBXProject section */
		3D763B612BA8D34000E0D032 /* Project object */ = {
			isa = PBXProject;
			attributes = {
				BuildIndependentTargetsInParallel = 1;
				LastSwiftUpdateCheck = 1500;
				LastUpgradeCheck = 1500;
				TargetAttributes = {
					3D763B682BA8D34000E0D032 = {
						CreatedOnToolsVersion = 15.0.1;
					};
				};
			};
			buildConfigurationList = 3D763B642BA8D34000E0D032 /* Build configuration list for PBXProject "AI-PhotoGenerate" */;
			compatibilityVersion = "Xcode 14.0";
			developmentRegion = en;
			hasScannedForEncodings = 0;
			knownRegions = (
				en,
				Base,
			);
			mainGroup = 3D763B602BA8D34000E0D032;
			packageReferences = (
				3D763B9B2BA8D3E200E0D032 /* XCRemoteSwiftPackageReference "Alamofire" */,
			);
			productRefGroup = 3D763B6A2BA8D34000E0D032 /* Products */;
			projectDirPath = "";
			projectRoot = "";
			targets = (
				3D763B682BA8D34000E0D032 /* AI-PhotoGenerate */,
			);
		};
/* End PBXProject section */

/* Begin PBXResourcesBuildPhase section */
		3D763B672BA8D34000E0D032 /* Resources */ = {
			isa = PBXResourcesBuildPhase;
			buildActionMask = 2147483647;
			files = (
				3D763B792BA8D34100E0D032 /* LaunchScreen.storyboard in Resources */,
				3D763B762BA8D34100E0D032 /* Assets.xcassets in Resources */,
			);
			runOnlyForDeploymentPostprocessing = 0;
		};
/* End PBXResourcesBuildPhase section */

/* Begin PBXSourcesBuildPhase section */
		3D763B652BA8D34000E0D032 /* Sources */ = {
			isa = PBXSourcesBuildPhase;
			buildActionMask = 2147483647;
			files = (
				3D763B892BA8D38800E0D032 /* CustomButton.swift in Sources */,
				3D763BA72BA9F9C000E0D032 /* TabBarController.swift in Sources */,
				3D763B9A2BA8D3B800E0D032 /* HomePageController.swift in Sources */,
				3D763B972BA8D3AE00E0D032 /* PostModel.swift in Sources */,
				3D763BA22BA9EA6E00E0D032 /* SelectStyleCell.swift in Sources */,
				3D763B6D2BA8D34000E0D032 /* AppDelegate.swift in Sources */,
				3D763BA42BA9EEEC00E0D032 /* StyleModel.swift in Sources */,
				3D763B8C2BA8D3A300E0D032 /* Constant.swift in Sources */,
				3D763B952BA8D3AE00E0D032 /* NetworkManager.swift in Sources */,
				3D763B6F2BA8D34000E0D032 /* SceneDelegate.swift in Sources */,
				3D763B942BA8D3AE00E0D032 /* NetworkHelper.swift in Sources */,
				3D763B962BA8D3AE00E0D032 /* ResponseModel.swift in Sources */,
				3D763B882BA8D38800E0D032 /* NavigationBar.swift in Sources */,
			);
			runOnlyForDeploymentPostprocessing = 0;
		};
/* End PBXSourcesBuildPhase section */

/* Begin PBXVariantGroup section */
		3D763B772BA8D34100E0D032 /* LaunchScreen.storyboard */ = {
			isa = PBXVariantGroup;
			children = (
				3D763B782BA8D34100E0D032 /* Base */,
			);
			name = LaunchScreen.storyboard;
			sourceTree = "<group>";
		};
/* End PBXVariantGroup section */

/* Begin XCBuildConfiguration section */
		3D763B7B2BA8D34100E0D032 /* Debug */ = {
			isa = XCBuildConfiguration;
			buildSettings = {
				ALWAYS_SEARCH_USER_PATHS = NO;
				ASSETCATALOG_COMPILER_GENERATE_SWIFT_ASSET_SYMBOL_EXTENSIONS = YES;
				CLANG_ANALYZER_NONNULL = YES;
				CLANG_ANALYZER_NUMBER_OBJECT_CONVERSION = YES_AGGRESSIVE;
				CLANG_CXX_LANGUAGE_STANDARD = "gnu++20";
				CLANG_ENABLE_MODULES = YES;
				CLANG_ENABLE_OBJC_ARC = YES;
				CLANG_ENABLE_OBJC_WEAK = YES;
				CLANG_WARN_BLOCK_CAPTURE_AUTORELEASING = YES;
				CLANG_WARN_BOOL_CONVERSION = YES;
				CLANG_WARN_COMMA = YES;
				CLANG_WARN_CONSTANT_CONVERSION = YES;
				CLANG_WARN_DEPRECATED_OBJC_IMPLEMENTATIONS = YES;
				CLANG_WARN_DIRECT_OBJC_ISA_USAGE = YES_ERROR;
				CLANG_WARN_DOCUMENTATION_COMMENTS = YES;
				CLANG_WARN_EMPTY_BODY = YES;
				CLANG_WARN_ENUM_CONVERSION = YES;
				CLANG_WARN_INFINITE_RECURSION = YES;
				CLANG_WARN_INT_CONVERSION = YES;
				CLANG_WARN_NON_LITERAL_NULL_CONVERSION = YES;
				CLANG_WARN_OBJC_IMPLICIT_RETAIN_SELF = YES;
				CLANG_WARN_OBJC_LITERAL_CONVERSION = YES;
				CLANG_WARN_OBJC_ROOT_CLASS = YES_ERROR;
				CLANG_WARN_QUOTED_INCLUDE_IN_FRAMEWORK_HEADER = YES;
				CLANG_WARN_RANGE_LOOP_ANALYSIS = YES;
				CLANG_WARN_STRICT_PROTOTYPES = YES;
				CLANG_WARN_SUSPICIOUS_MOVE = YES;
				CLANG_WARN_UNGUARDED_AVAILABILITY = YES_AGGRESSIVE;
				CLANG_WARN_UNREACHABLE_CODE = YES;
				CLANG_WARN__DUPLICATE_METHOD_MATCH = YES;
				COPY_PHASE_STRIP = NO;
				DEBUG_INFORMATION_FORMAT = dwarf;
				ENABLE_STRICT_OBJC_MSGSEND = YES;
				ENABLE_TESTABILITY = YES;
				ENABLE_USER_SCRIPT_SANDBOXING = YES;
				GCC_C_LANGUAGE_STANDARD = gnu17;
				GCC_DYNAMIC_NO_PIC = NO;
				GCC_NO_COMMON_BLOCKS = YES;
				GCC_OPTIMIZATION_LEVEL = 0;
				GCC_PREPROCESSOR_DEFINITIONS = (
					"DEBUG=1",
					"$(inherited)",
				);
				GCC_WARN_64_TO_32_BIT_CONVERSION = YES;
				GCC_WARN_ABOUT_RETURN_TYPE = YES_ERROR;
				GCC_WARN_UNDECLARED_SELECTOR = YES;
				GCC_WARN_UNINITIALIZED_AUTOS = YES_AGGRESSIVE;
				GCC_WARN_UNUSED_FUNCTION = YES;
				GCC_WARN_UNUSED_VARIABLE = YES;
				IPHONEOS_DEPLOYMENT_TARGET = 17.0;
				LOCALIZATION_PREFERS_STRING_CATALOGS = YES;
				MTL_ENABLE_DEBUG_INFO = INCLUDE_SOURCE;
				MTL_FAST_MATH = YES;
				ONLY_ACTIVE_ARCH = YES;
				SDKROOT = iphoneos;
				SWIFT_ACTIVE_COMPILATION_CONDITIONS = "DEBUG $(inherited)";
				SWIFT_OPTIMIZATION_LEVEL = "-Onone";
			};
			name = Debug;
		};
		3D763B7C2BA8D34100E0D032 /* Release */ = {
			isa = XCBuildConfiguration;
			buildSettings = {
				ALWAYS_SEARCH_USER_PATHS = NO;
				ASSETCATALOG_COMPILER_GENERATE_SWIFT_ASSET_SYMBOL_EXTENSIONS = YES;
				CLANG_ANALYZER_NONNULL = YES;
				CLANG_ANALYZER_NUMBER_OBJECT_CONVERSION = YES_AGGRESSIVE;
				CLANG_CXX_LANGUAGE_STANDARD = "gnu++20";
				CLANG_ENABLE_MODULES = YES;
				CLANG_ENABLE_OBJC_ARC = YES;
				CLANG_ENABLE_OBJC_WEAK = YES;
				CLANG_WARN_BLOCK_CAPTURE_AUTORELEASING = YES;
				CLANG_WARN_BOOL_CONVERSION = YES;
				CLANG_WARN_COMMA = YES;
				CLANG_WARN_CONSTANT_CONVERSION = YES;
				CLANG_WARN_DEPRECATED_OBJC_IMPLEMENTATIONS = YES;
				CLANG_WARN_DIRECT_OBJC_ISA_USAGE = YES_ERROR;
				CLANG_WARN_DOCUMENTATION_COMMENTS = YES;
				CLANG_WARN_EMPTY_BODY = YES;
				CLANG_WARN_ENUM_CONVERSION = YES;
				CLANG_WARN_INFINITE_RECURSION = YES;
				CLANG_WARN_INT_CONVERSION = YES;
				CLANG_WARN_NON_LITERAL_NULL_CONVERSION = YES;
				CLANG_WARN_OBJC_IMPLICIT_RETAIN_SELF = YES;
				CLANG_WARN_OBJC_LITERAL_CONVERSION = YES;
				CLANG_WARN_OBJC_ROOT_CLASS = YES_ERROR;
				CLANG_WARN_QUOTED_INCLUDE_IN_FRAMEWORK_HEADER = YES;
				CLANG_WARN_RANGE_LOOP_ANALYSIS = YES;
				CLANG_WARN_STRICT_PROTOTYPES = YES;
				CLANG_WARN_SUSPICIOUS_MOVE = YES;
				CLANG_WARN_UNGUARDED_AVAILABILITY = YES_AGGRESSIVE;
				CLANG_WARN_UNREACHABLE_CODE = YES;
				CLANG_WARN__DUPLICATE_METHOD_MATCH = YES;
				COPY_PHASE_STRIP = NO;
				DEBUG_INFORMATION_FORMAT = "dwarf-with-dsym";
				ENABLE_NS_ASSERTIONS = NO;
				ENABLE_STRICT_OBJC_MSGSEND = YES;
				ENABLE_USER_SCRIPT_SANDBOXING = YES;
				GCC_C_LANGUAGE_STANDARD = gnu17;
				GCC_NO_COMMON_BLOCKS = YES;
				GCC_WARN_64_TO_32_BIT_CONVERSION = YES;
				GCC_WARN_ABOUT_RETURN_TYPE = YES_ERROR;
				GCC_WARN_UNDECLARED_SELECTOR = YES;
				GCC_WARN_UNINITIALIZED_AUTOS = YES_AGGRESSIVE;
				GCC_WARN_UNUSED_FUNCTION = YES;
				GCC_WARN_UNUSED_VARIABLE = YES;
				IPHONEOS_DEPLOYMENT_TARGET = 17.0;
				LOCALIZATION_PREFERS_STRING_CATALOGS = YES;
				MTL_ENABLE_DEBUG_INFO = NO;
				MTL_FAST_MATH = YES;
				SDKROOT = iphoneos;
				SWIFT_COMPILATION_MODE = wholemodule;
				VALIDATE_PRODUCT = YES;
			};
			name = Release;
		};
		3D763B7E2BA8D34100E0D032 /* Debug */ = {
			isa = XCBuildConfiguration;
			buildSettings = {
				ASSETCATALOG_COMPILER_APPICON_NAME = AppIcon;
				ASSETCATALOG_COMPILER_GLOBAL_ACCENT_COLOR_NAME = AccentColor;
				CODE_SIGN_STYLE = Automatic;
				CURRENT_PROJECT_VERSION = 1;
				DEVELOPMENT_TEAM = 628PNWMZP5;
				GENERATE_INFOPLIST_FILE = YES;
				INFOPLIST_FILE = "AI-PhotoGenerate/App/Info.plist";
				INFOPLIST_KEY_UIApplicationSupportsIndirectInputEvents = YES;
				INFOPLIST_KEY_UILaunchStoryboardName = LaunchScreen;
				INFOPLIST_KEY_UISupportedInterfaceOrientations_iPad = "UIInterfaceOrientationPortrait UIInterfaceOrientationPortraitUpsideDown UIInterfaceOrientationLandscapeLeft UIInterfaceOrientationLandscapeRight";
				INFOPLIST_KEY_UISupportedInterfaceOrientations_iPhone = "UIInterfaceOrientationPortrait UIInterfaceOrientationLandscapeLeft UIInterfaceOrientationLandscapeRight";
				LD_RUNPATH_SEARCH_PATHS = (
					"$(inherited)",
					"@executable_path/Frameworks",
				);
				MARKETING_VERSION = 1.0;
				PRODUCT_BUNDLE_IDENTIFIER = "com.alkanfatih.AI-PhotoGenerate";
				PRODUCT_NAME = "$(TARGET_NAME)";
				SWIFT_EMIT_LOC_STRINGS = YES;
				SWIFT_VERSION = 5.0;
				TARGETED_DEVICE_FAMILY = "1,2";
			};
			name = Debug;
		};
		3D763B7F2BA8D34100E0D032 /* Release */ = {
			isa = XCBuildConfiguration;
			buildSettings = {
				ASSETCATALOG_COMPILER_APPICON_NAME = AppIcon;
				ASSETCATALOG_COMPILER_GLOBAL_ACCENT_COLOR_NAME = AccentColor;
				CODE_SIGN_STYLE = Automatic;
				CURRENT_PROJECT_VERSION = 1;
				DEVELOPMENT_TEAM = 628PNWMZP5;
				GENERATE_INFOPLIST_FILE = YES;
				INFOPLIST_FILE = "AI-PhotoGenerate/App/Info.plist";
				INFOPLIST_KEY_UIApplicationSupportsIndirectInputEvents = YES;
				INFOPLIST_KEY_UILaunchStoryboardName = LaunchScreen;
				INFOPLIST_KEY_UISupportedInterfaceOrientations_iPad = "UIInterfaceOrientationPortrait UIInterfaceOrientationPortraitUpsideDown UIInterfaceOrientationLandscapeLeft UIInterfaceOrientationLandscapeRight";
				INFOPLIST_KEY_UISupportedInterfaceOrientations_iPhone = "UIInterfaceOrientationPortrait UIInterfaceOrientationLandscapeLeft UIInterfaceOrientationLandscapeRight";
				LD_RUNPATH_SEARCH_PATHS = (
					"$(inherited)",
					"@executable_path/Frameworks",
				);
				MARKETING_VERSION = 1.0;
				PRODUCT_BUNDLE_IDENTIFIER = "com.alkanfatih.AI-PhotoGenerate";
				PRODUCT_NAME = "$(TARGET_NAME)";
				SWIFT_EMIT_LOC_STRINGS = YES;
				SWIFT_VERSION = 5.0;
				TARGETED_DEVICE_FAMILY = "1,2";
			};
			name = Release;
		};
/* End XCBuildConfiguration section */

/* Begin XCConfigurationList section */
		3D763B642BA8D34000E0D032 /* Build configuration list for PBXProject "AI-PhotoGenerate" */ = {
			isa = XCConfigurationList;
			buildConfigurations = (
				3D763B7B2BA8D34100E0D032 /* Debug */,
				3D763B7C2BA8D34100E0D032 /* Release */,
			);
			defaultConfigurationIsVisible = 0;
			defaultConfigurationName = Release;
		};
		3D763B7D2BA8D34100E0D032 /* Build configuration list for PBXNativeTarget "AI-PhotoGenerate" */ = {
			isa = XCConfigurationList;
			buildConfigurations = (
				3D763B7E2BA8D34100E0D032 /* Debug */,
				3D763B7F2BA8D34100E0D032 /* Release */,
			);
			defaultConfigurationIsVisible = 0;
			defaultConfigurationName = Release;
		};
/* End XCConfigurationList section */

/* Begin XCRemoteSwiftPackageReference section */
		3D763B9B2BA8D3E200E0D032 /* XCRemoteSwiftPackageReference "Alamofire" */ = {
			isa = XCRemoteSwiftPackageReference;
			repositoryURL = "https://github.com/Alamofire/Alamofire";
			requirement = {
				kind = upToNextMajorVersion;
				minimumVersion = 5.9.0;
			};
		};
/* End XCRemoteSwiftPackageReference section */

/* Begin XCSwiftPackageProductDependency section */
		3D763B9C2BA8D3E200E0D032 /* Alamofire */ = {
			isa = XCSwiftPackageProductDependency;
			package = 3D763B9B2BA8D3E200E0D032 /* XCRemoteSwiftPackageReference "Alamofire" */;
			productName = Alamofire;
		};
		3D763B9E2BA8D3E200E0D032 /* AlamofireDynamic */ = {
			isa = XCSwiftPackageProductDependency;
			package = 3D763B9B2BA8D3E200E0D032 /* XCRemoteSwiftPackageReference "Alamofire" */;
			productName = AlamofireDynamic;
		};
/* End XCSwiftPackageProductDependency section */
	};
	rootObject = 3D763B612BA8D34000E0D032 /* Project object */;
}
